// !$*UTF8*$!
{
	archiveVersion = 1;
	classes = {
	};
	objectVersion = 55;
	objects = {

/* Begin PBXBuildFile section */
		D9664340282EDE74002F6D6D /* AppDelegate.swift in Sources */ = {isa = PBXBuildFile; fileRef = D966433F282EDE74002F6D6D /* AppDelegate.swift */; };
		D9664342282EDE74002F6D6D /* SceneDelegate.swift in Sources */ = {isa = PBXBuildFile; fileRef = D9664341282EDE74002F6D6D /* SceneDelegate.swift */; };
		D9664347282EDE74002F6D6D /* Main.storyboard in Resources */ = {isa = PBXBuildFile; fileRef = D9664345282EDE74002F6D6D /* Main.storyboard */; };
		D9664349282EDE76002F6D6D /* Assets.xcassets in Resources */ = {isa = PBXBuildFile; fileRef = D9664348282EDE76002F6D6D /* Assets.xcassets */; };
		D966434C282EDE76002F6D6D /* LaunchScreen.storyboard in Resources */ = {isa = PBXBuildFile; fileRef = D966434A282EDE76002F6D6D /* LaunchScreen.storyboard */; };
		D9664356282EDF2D002F6D6D /* ToDoItemsTableViewController.swift in Sources */ = {isa = PBXBuildFile; fileRef = D9664355282EDF2D002F6D6D /* ToDoItemsTableViewController.swift */; };
		D9664358282EE025002F6D6D /* ToDoItem.swift in Sources */ = {isa = PBXBuildFile; fileRef = D9664357282EE025002F6D6D /* ToDoItem.swift */; };
		D966435A282F22F2002F6D6D /* EditViewController.swift in Sources */ = {isa = PBXBuildFile; fileRef = D9664359282F22F2002F6D6D /* EditViewController.swift */; };
/* End PBXBuildFile section */

/* Begin PBXFileReference section */
		D966433C282EDE74002F6D6D /* Assignmnet6-ToDo.app */ = {isa = PBXFileReference; explicitFileType = wrapper.application; includeInIndex = 0; path = "Assignmnet6-ToDo.app"; sourceTree = BUILT_PRODUCTS_DIR; };
		D966433F282EDE74002F6D6D /* AppDelegate.swift */ = {isa = PBXFileReference; lastKnownFileType = sourcecode.swift; path = AppDelegate.swift; sourceTree = "<group>"; };
		D9664341282EDE74002F6D6D /* SceneDelegate.swift */ = {isa = PBXFileReference; lastKnownFileType = sourcecode.swift; path = SceneDelegate.swift; sourceTree = "<group>"; };
		D9664346282EDE74002F6D6D /* Base */ = {isa = PBXFileReference; lastKnownFileType = file.storyboard; name = Base; path = Base.lproj/Main.storyboard; sourceTree = "<group>"; };
		D9664348282EDE76002F6D6D /* Assets.xcassets */ = {isa = PBXFileReference; lastKnownFileType = folder.assetcatalog; path = Assets.xcassets; sourceTree = "<group>"; };
		D966434B282EDE76002F6D6D /* Base */ = {isa = PBXFileReference; lastKnownFileType = file.storyboard; name = Base; path = Base.lproj/LaunchScreen.storyboard; sourceTree = "<group>"; };
		D966434D282EDE76002F6D6D /* Info.plist */ = {isa = PBXFileReference; lastKnownFileType = text.plist.xml; path = Info.plist; sourceTree = "<group>"; };
		D9664355282EDF2D002F6D6D /* ToDoItemsTableViewController.swift */ = {isa = PBXFileReference; lastKnownFileType = sourcecode.swift; path = ToDoItemsTableViewController.swift; sourceTree = "<group>"; };
		D9664357282EE025002F6D6D /* ToDoItem.swift */ = {isa = PBXFileReference; lastKnownFileType = sourcecode.swift; path = ToDoItem.swift; sourceTree = "<group>"; };
		D9664359282F22F2002F6D6D /* EditViewController.swift */ = {isa = PBXFileReference; lastKnownFileType = sourcecode.swift; path = EditViewController.swift; sourceTree = "<group>"; };
/* End PBXFileReference section */

/* Begin PBXFrameworksBuildPhase section */
		D9664339282EDE74002F6D6D /* Frameworks */ = {
			isa = PBXFrameworksBuildPhase;
			buildActionMask = 2147483647;
			files = (
			);
			runOnlyForDeploymentPostprocessing = 0;
		};
/* End PBXFrameworksBuildPhase section */

/* Begin PBXGroup section */
		D921D5DC28317B0C002E0E20 /* View Controllers */ = {
			isa = PBXGroup;
			children = (
				D9664355282EDF2D002F6D6D /* ToDoItemsTableViewController.swift */,
				D9664359282F22F2002F6D6D /* EditViewController.swift */,
			);
			path = "View Controllers";
			sourceTree = "<group>";
		};
		D921D5DD28317B1D002E0E20 /* Models */ = {
			isa = PBXGroup;
			children = (
				D9664357282EE025002F6D6D /* ToDoItem.swift */,
			);
			path = Models;
			sourceTree = "<group>";
		};
		D921D5DE28317B36002E0E20 /* Supporting Files */ = {
			isa = PBXGroup;
			children = (
				D966434A282EDE76002F6D6D /* LaunchScreen.storyboard */,
				D9664348282EDE76002F6D6D /* Assets.xcassets */,
				D9664341282EDE74002F6D6D /* SceneDelegate.swift */,
				D966433F282EDE74002F6D6D /* AppDelegate.swift */,
			);
			path = "Supporting Files";
			sourceTree = "<group>";
		};
		D9664333282EDE74002F6D6D = {
			isa = PBXGroup;
			children = (
				D966433E282EDE74002F6D6D /* Assignmnet6-ToDo */,
				D966433D282EDE74002F6D6D /* Products */,
			);
			sourceTree = "<group>";
		};
		D966433D282EDE74002F6D6D /* Products */ = {
			isa = PBXGroup;
			children = (
				D966433C282EDE74002F6D6D /* Assignmnet6-ToDo.app */,
			);
			name = Products;
			sourceTree = "<group>";
		};
		D966433E282EDE74002F6D6D /* Assignmnet6-ToDo */ = {
			isa = PBXGroup;
			children = (
				D921D5DE28317B36002E0E20 /* Supporting Files */,
				D921D5DD28317B1D002E0E20 /* Models */,
				D921D5DC28317B0C002E0E20 /* View Controllers */,
				D9664345282EDE74002F6D6D /* Main.storyboard */,
				D966434D282EDE76002F6D6D /* Info.plist */,
			);
			path = "Assignmnet6-ToDo";
			sourceTree = "<group>";
		};
/* End PBXGroup section */

/* Begin PBXNativeTarget section */
		D966433B282EDE74002F6D6D /* Assignmnet6-ToDo */ = {
			isa = PBXNativeTarget;
			buildConfigurationList = D9664350282EDE76002F6D6D /* Build configuration list for PBXNativeTarget "Assignmnet6-ToDo" */;
			buildPhases = (
				D9664338282EDE74002F6D6D /* Sources */,
				D9664339282EDE74002F6D6D /* Frameworks */,
				D966433A282EDE74002F6D6D /* Resources */,
			);
			buildRules = (
			);
			dependencies = (
			);
			name = "Assignmnet6-ToDo";
			productName = "Assignmnet6-ToDo";
			productReference = D966433C282EDE74002F6D6D /* Assignmnet6-ToDo.app */;
			productType = "com.apple.product-type.application";
		};
/* End PBXNativeTarget section */

/* Begin PBXProject section */
		D9664334282EDE74002F6D6D /* Project object */ = {
			isa = PBXProject;
			attributes = {
				BuildIndependentTargetsInParallel = 1;
				LastSwiftUpdateCheck = 1330;
				LastUpgradeCheck = 1330;
				TargetAttributes = {
					D966433B282EDE74002F6D6D = {
						CreatedOnToolsVersion = 13.3.1;
					};
				};
			};
			buildConfigurationList = D9664337282EDE74002F6D6D /* Build configuration list for PBXProject "Assignmnet6-ToDo" */;
			compatibilityVersion = "Xcode 13.0";
			developmentRegion = en;
			hasScannedForEncodings = 0;
			knownRegions = (
				en,
				Base,
			);
			mainGroup = D9664333282EDE74002F6D6D;
			productRefGroup = D966433D282EDE74002F6D6D /* Products */;
			projectDirPath = "";
			projectRoot = "";
			targets = (
				D966433B282EDE74002F6D6D /* Assignmnet6-ToDo */,
			);
		};
/* End PBXProject section */

/* Begin PBXResourcesBuildPhase section */
		D966433A282EDE74002F6D6D /* Resources */ = {
			isa = PBXResourcesBuildPhase;
			buildActionMask = 2147483647;
			files = (
				D966434C282EDE76002F6D6D /* LaunchScreen.storyboard in Resources */,
				D9664349282EDE76002F6D6D /* Assets.xcassets in Resources */,
				D9664347282EDE74002F6D6D /* Main.storyboard in Resources */,
			);
			runOnlyForDeploymentPostprocessing = 0;
		};
/* End PBXResourcesBuildPhase section */

/* Begin PBXSourcesBuildPhase section */
		D9664338282EDE74002F6D6D /* Sources */ = {
			isa = PBXSourcesBuildPhase;
			buildActionMask = 2147483647;
			files = (
				D966435A282F22F2002F6D6D /* EditViewController.swift in Sources */,
				D9664356282EDF2D002F6D6D /* ToDoItemsTableViewController.swift in Sources */,
				D9664340282EDE74002F6D6D /* AppDelegate.swift in Sources */,
				D9664358282EE025002F6D6D /* ToDoItem.swift in Sources */,
				D9664342282EDE74002F6D6D /* SceneDelegate.swift in Sources */,
			);
			runOnlyForDeploymentPostprocessing = 0;
		};
/* End PBXSourcesBuildPhase section */

/* Begin PBXVariantGroup section */
		D9664345282EDE74002F6D6D /* Main.storyboard */ = {
			isa = PBXVariantGroup;
			children = (
				D9664346282EDE74002F6D6D /* Base */,
			);
			name = Main.storyboard;
			sourceTree = "<group>";
		};
		D966434A282EDE76002F6D6D /* LaunchScreen.storyboard */ = {
			isa = PBXVariantGroup;
			children = (
				D966434B282EDE76002F6D6D /* Base */,
			);
			name = LaunchScreen.storyboard;
			sourceTree = "<group>";
		};
/* End PBXVariantGroup section */

/* Begin XCBuildConfiguration section */
		D966434E282EDE76002F6D6D /* Debug */ = {
			isa = XCBuildConfiguration;
			buildSettings = {
				ALWAYS_SEARCH_USER_PATHS = NO;
				CLANG_ANALYZER_NONNULL = YES;
				CLANG_ANALYZER_NUMBER_OBJECT_CONVERSION = YES_AGGRESSIVE;
				CLANG_CXX_LANGUAGE_STANDARD = "gnu++17";
				CLANG_ENABLE_MODULES = YES;
				CLANG_ENABLE_OBJC_ARC = YES;
				CLANG_ENABLE_OBJC_WEAK = YES;
				CLANG_WARN_BLOCK_CAPTURE_AUTORELEASING = YES;
				CLANG_WARN_BOOL_CONVERSION = YES;
				CLANG_WARN_COMMA = YES;
				CLANG_WARN_CONSTANT_CONVERSION = YES;
				CLANG_WARN_DEPRECATED_OBJC_IMPLEMENTATIONS = YES;
				CLANG_WARN_DIRECT_OBJC_ISA_USAGE = YES_ERROR;
				CLANG_WARN_DOCUMENTATION_COMMENTS = YES;
				CLANG_WARN_EMPTY_BODY = YES;
				CLANG_WARN_ENUM_CONVERSION = YES;
				CLANG_WARN_INFINITE_RECURSION = YES;
				CLANG_WARN_INT_CONVERSION = YES;
				CLANG_WARN_NON_LITERAL_NULL_CONVERSION = YES;
				CLANG_WARN_OBJC_IMPLICIT_RETAIN_SELF = YES;
				CLANG_WARN_OBJC_LITERAL_CONVERSION = YES;
				CLANG_WARN_OBJC_ROOT_CLASS = YES_ERROR;
				CLANG_WARN_QUOTED_INCLUDE_IN_FRAMEWORK_HEADER = YES;
				CLANG_WARN_RANGE_LOOP_ANALYSIS = YES;
				CLANG_WARN_STRICT_PROTOTYPES = YES;
				CLANG_WARN_SUSPICIOUS_MOVE = YES;
				CLANG_WARN_UNGUARDED_AVAILABILITY = YES_AGGRESSIVE;
				CLANG_WARN_UNREACHABLE_CODE = YES;
				CLANG_WARN__DUPLICATE_METHOD_MATCH = YES;
				COPY_PHASE_STRIP = NO;
				DEBUG_INFORMATION_FORMAT = dwarf;
				ENABLE_STRICT_OBJC_MSGSEND = YES;
				ENABLE_TESTABILITY = YES;
				GCC_C_LANGUAGE_STANDARD = gnu11;
				GCC_DYNAMIC_NO_PIC = NO;
				GCC_NO_COMMON_BLOCKS = YES;
				GCC_OPTIMIZATION_LEVEL = 0;
				GCC_PREPROCESSOR_DEFINITIONS = (
					"DEBUG=1",
					"$(inherited)",
				);
				GCC_WARN_64_TO_32_BIT_CONVERSION = YES;
				GCC_WARN_ABOUT_RETURN_TYPE = YES_ERROR;
				GCC_WARN_UNDECLARED_SELECTOR = YES;
				GCC_WARN_UNINITIALIZED_AUTOS = YES_AGGRESSIVE;
				GCC_WARN_UNUSED_FUNCTION = YES;
				GCC_WARN_UNUSED_VARIABLE = YES;
				IPHONEOS_DEPLOYMENT_TARGET = 15.4;
				MTL_ENABLE_DEBUG_INFO = INCLUDE_SOURCE;
				MTL_FAST_MATH = YES;
				ONLY_ACTIVE_ARCH = YES;
				SDKROOT = iphoneos;
				SWIFT_ACTIVE_COMPILATION_CONDITIONS = DEBUG;
				SWIFT_OPTIMIZATION_LEVEL = "-Onone";
			};
			name = Debug;
		};
		D966434F282EDE76002F6D6D /* Release */ = {
			isa = XCBuildConfiguration;
			buildSettings = {
				ALWAYS_SEARCH_USER_PATHS = NO;
				CLANG_ANALYZER_NONNULL = YES;
				CLANG_ANALYZER_NUMBER_OBJECT_CONVERSION = YES_AGGRESSIVE;
				CLANG_CXX_LANGUAGE_STANDARD = "gnu++17";
				CLANG_ENABLE_MODULES = YES;
				CLANG_ENABLE_OBJC_ARC = YES;
				CLANG_ENABLE_OBJC_WEAK = YES;
				CLANG_WARN_BLOCK_CAPTURE_AUTORELEASING = YES;
				CLANG_WARN_BOOL_CONVERSION = YES;
				CLANG_WARN_COMMA = YES;
				CLANG_WARN_CONSTANT_CONVERSION = YES;
				CLANG_WARN_DEPRECATED_OBJC_IMPLEMENTATIONS = YES;
				CLANG_WARN_DIRECT_OBJC_ISA_USAGE = YES_ERROR;
				CLANG_WARN_DOCUMENTATION_COMMENTS = YES;
				CLANG_WARN_EMPTY_BODY = YES;
				CLANG_WARN_ENUM_CONVERSION = YES;
				CLANG_WARN_INFINITE_RECURSION = YES;
				CLANG_WARN_INT_CONVERSION = YES;
				CLANG_WARN_NON_LITERAL_NULL_CONVERSION = YES;
				CLANG_WARN_OBJC_IMPLICIT_RETAIN_SELF = YES;
				CLANG_WARN_OBJC_LITERAL_CONVERSION = YES;
				CLANG_WARN_OBJC_ROOT_CLASS = YES_ERROR;
				CLANG_WARN_QUOTED_INCLUDE_IN_FRAMEWORK_HEADER = YES;
				CLANG_WARN_RANGE_LOOP_ANALYSIS = YES;
				CLANG_WARN_STRICT_PROTOTYPES = YES;
				CLANG_WARN_SUSPICIOUS_MOVE = YES;
				CLANG_WARN_UNGUARDED_AVAILABILITY = YES_AGGRESSIVE;
				CLANG_WARN_UNREACHABLE_CODE = YES;
				CLANG_WARN__DUPLICATE_METHOD_MATCH = YES;
				COPY_PHASE_STRIP = NO;
				DEBUG_INFORMATION_FORMAT = "dwarf-with-dsym";
				ENABLE_NS_ASSERTIONS = NO;
				ENABLE_STRICT_OBJC_MSGSEND = YES;
				GCC_C_LANGUAGE_STANDARD = gnu11;
				GCC_NO_COMMON_BLOCKS = YES;
				GCC_WARN_64_TO_32_BIT_CONVERSION = YES;
				GCC_WARN_ABOUT_RETURN_TYPE = YES_ERROR;
				GCC_WARN_UNDECLARED_SELECTOR = YES;
				GCC_WARN_UNINITIALIZED_AUTOS = YES_AGGRESSIVE;
				GCC_WARN_UNUSED_FUNCTION = YES;
				GCC_WARN_UNUSED_VARIABLE = YES;
				IPHONEOS_DEPLOYMENT_TARGET = 15.4;
				MTL_ENABLE_DEBUG_INFO = NO;
				MTL_FAST_MATH = YES;
				SDKROOT = iphoneos;
				SWIFT_COMPILATION_MODE = wholemodule;
				SWIFT_OPTIMIZATION_LEVEL = "-O";
				VALIDATE_PRODUCT = YES;
			};
			name = Release;
		};
		D9664351282EDE76002F6D6D /* Debug */ = {
			isa = XCBuildConfiguration;
			buildSettings = {
				ASSETCATALOG_COMPILER_APPICON_NAME = AppIcon;
				ASSETCATALOG_COMPILER_GLOBAL_ACCENT_COLOR_NAME = AccentColor;
				CODE_SIGN_IDENTITY = "Apple Development";
				CODE_SIGN_STYLE = Automatic;
				CURRENT_PROJECT_VERSION = 1;
				DEVELOPMENT_TEAM = "";
				GENERATE_INFOPLIST_FILE = YES;
				INFOPLIST_FILE = "Assignmnet6-ToDo/Info.plist";
				INFOPLIST_KEY_UIApplicationSupportsIndirectInputEvents = YES;
				INFOPLIST_KEY_UILaunchStoryboardName = LaunchScreen;
				INFOPLIST_KEY_UIMainStoryboardFile = Main;
				INFOPLIST_KEY_UISupportedInterfaceOrientations_iPad = "UIInterfaceOrientationPortrait UIInterfaceOrientationPortraitUpsideDown UIInterfaceOrientationLandscapeLeft UIInterfaceOrientationLandscapeRight";
				INFOPLIST_KEY_UISupportedInterfaceOrientations_iPhone = "UIInterfaceOrientationPortrait UIInterfaceOrientationLandscapeLeft UIInterfaceOrientationLandscapeRight";
				LD_RUNPATH_SEARCH_PATHS = (
					"$(inherited)",
					"@executable_path/Frameworks",
				);
				MARKETING_VERSION = 1.0;
				PRODUCT_BUNDLE_IDENTIFIER = "com.example.Assignmnet6-ToDo";
				PRODUCT_NAME = "$(TARGET_NAME)";
				PROVISIONING_PROFILE_SPECIFIER = "";
				SWIFT_EMIT_LOC_STRINGS = YES;
				SWIFT_VERSION = 5.0;
				TARGETED_DEVICE_FAMILY = "1,2";
			};
			name = Debug;
		};
		D9664352282EDE76002F6D6D /* Release */ = {
			isa = XCBuildConfiguration;
			buildSettings = {
				ASSETCATALOG_COMPILER_APPICON_NAME = AppIcon;
				ASSETCATALOG_COMPILER_GLOBAL_ACCENT_COLOR_NAME = AccentColor;
				CODE_SIGN_IDENTITY = "Apple Development";
				CODE_SIGN_STYLE = Automatic;
				CURRENT_PROJECT_VERSION = 1;
				DEVELOPMENT_TEAM = "";
				GENERATE_INFOPLIST_FILE = YES;
				INFOPLIST_FILE = "Assignmnet6-ToDo/Info.plist";
				INFOPLIST_KEY_UIApplicationSupportsIndirectInputEvents = YES;
				INFOPLIST_KEY_UILaunchStoryboardName = LaunchScreen;
				INFOPLIST_KEY_UIMainStoryboardFile = Main;
				INFOPLIST_KEY_UISupportedInterfaceOrientations_iPad = "UIInterfaceOrientationPortrait UIInterfaceOrientationPortraitUpsideDown UIInterfaceOrientationLandscapeLeft UIInterfaceOrientationLandscapeRight";
				INFOPLIST_KEY_UISupportedInterfaceOrientations_iPhone = "UIInterfaceOrientationPortrait UIInterfaceOrientationLandscapeLeft UIInterfaceOrientationLandscapeRight";
				LD_RUNPATH_SEARCH_PATHS = (
					"$(inherited)",
					"@executable_path/Frameworks",
				);
				MARKETING_VERSION = 1.0;
				PRODUCT_BUNDLE_IDENTIFIER = "com.example.Assignmnet6-ToDo";
				PRODUCT_NAME = "$(TARGET_NAME)";
				PROVISIONING_PROFILE_SPECIFIER = "";
				SWIFT_EMIT_LOC_STRINGS = YES;
				SWIFT_VERSION = 5.0;
				TARGETED_DEVICE_FAMILY = "1,2";
			};
			name = Release;
		};
/* End XCBuildConfiguration section */

/* Begin XCConfigurationList section */
		D9664337282EDE74002F6D6D /* Build configuration list for PBXProject "Assignmnet6-ToDo" */ = {
			isa = XCConfigurationList;
			buildConfigurations = (
				D966434E282EDE76002F6D6D /* Debug */,
				D966434F282EDE76002F6D6D /* Release */,
			);
			defaultConfigurationIsVisible = 0;
			defaultConfigurationName = Release;
		};
		D9664350282EDE76002F6D6D /* Build configuration list for PBXNativeTarget "Assignmnet6-ToDo" */ = {
			isa = XCConfigurationList;
			buildConfigurations = (
				D9664351282EDE76002F6D6D /* Debug */,
				D9664352282EDE76002F6D6D /* Release */,
			);
			defaultConfigurationIsVisible = 0;
			defaultConfigurationName = Release;
		};
/* End XCConfigurationList section */
	};
	rootObject = D9664334282EDE74002F6D6D /* Project object */;
}
